
Microsoft Visual Studio Solution File, Format Version 12.00
# Visual Studio 15
VisualStudioVersion = 15.0.26228.4
MinimumVisualStudioVersion = 10.0.40219.1
Project("{FAE04EC0-301F-11D3-BF4B-00C04F79EFBC}") = "ElasticChallenge.Indexing", "ElasticChallenge.Indexing\ElasticChallenge.Indexing.csproj", "{DB7C384B-28C6-4CAA-BA9E-514C9B342CCC}"
EndProject
Project("{FAE04EC0-301F-11D3-BF4B-00C04F79EFBC}") = "ElasticChallenge.Indexing.Console", "ElasticChallenge.Indexer.Console\ElasticChallenge.Indexing.Console.csproj", "{28D7CB3F-9D82-4B4B-B222-F6E5376A8C9E}"
EndProject
Project("{FAE04EC0-301F-11D3-BF4B-00C04F79EFBC}") = "ElasticChallenge", "ElasticChallenge\ElasticChallenge.csproj", "{F0D8CCD8-74A8-4708-9528-3CDBB5E703F7}"
EndProject
Global
	GlobalSection(SolutionConfigurationPlatforms) = preSolution
		Debug|Any CPU = Debug|Any CPU
		Release|Any CPU = Release|Any CPU
	EndGlobalSection
	GlobalSection(ProjectConfigurationPlatforms) = postSolution
		{DB7C384B-28C6-4CAA-BA9E-514C9B342CCC}.Debug|Any CPU.ActiveCfg = Debug|Any CPU
		{DB7C384B-28C6-4CAA-BA9E-514C9B342CCC}.Debug|Any CPU.Build.0 = Debug|Any CPU
		{DB7C384B-28C6-4CAA-BA9E-514C9B342CCC}.Release|Any CPU.ActiveCfg = Release|Any CPU
		{DB7C384B-28C6-4CAA-BA9E-514C9B342CCC}.Release|Any CPU.Build.0 = Release|Any CPU
		{28D7CB3F-9D82-4B4B-B222-F6E5376A8C9E}.Debug|Any CPU.ActiveCfg = Debug|Any CPU
		{28D7CB3F-9D82-4B4B-B222-F6E5376A8C9E}.Debug|Any CPU.Build.0 = Debug|Any CPU
		{28D7CB3F-9D82-4B4B-B222-F6E5376A8C9E}.Release|Any CPU.ActiveCfg = Release|Any CPU
		{28D7CB3F-9D82-4B4B-B222-F6E5376A8C9E}.Release|Any CPU.Build.0 = Release|Any CPU
		{F0D8CCD8-74A8-4708-9528-3CDBB5E703F7}.Debug|Any CPU.ActiveCfg = Debug|Any CPU
		{F0D8CCD8-74A8-4708-9528-3CDBB5E703F7}.Debug|Any CPU.Build.0 = Debug|Any CPU
		{F0D8CCD8-74A8-4708-9528-3CDBB5E703F7}.Release|Any CPU.ActiveCfg = Release|Any CPU
		{F0D8CCD8-74A8-4708-9528-3CDBB5E703F7}.Release|Any CPU.Build.0 = Release|Any CPU
	EndGlobalSection
	GlobalSection(SolutionProperties) = preSolution
		HideSolutionNode = FALSE
	EndGlobalSection
EndGlobal
